
Microsoft Visual Studio Solution File, Format Version 12.00
# Visual Studio Version 16
VisualStudioVersion = 16.0.32901.82
MinimumVisualStudioVersion = 10.0.40219.1
Project("{FAE04EC0-301F-11D3-BF4B-00C04F79EFBC}") = "StudentRegistration", "StudentRegistration\StudentRegistration.csproj", "{162B4AF2-AA5B-4DD5-A6E9-98B06CA64698}"
EndProject
Global
	GlobalSection(SolutionConfigurationPlatforms) = preSolution
		Debug|Any CPU = Debug|Any CPU
		Release|Any CPU = Release|Any CPU
	EndGlobalSection
	GlobalSection(ProjectConfigurationPlatforms) = postSolution
		{162B4AF2-AA5B-4DD5-A6E9-98B06CA64698}.Debug|Any CPU.ActiveCfg = Debug|Any CPU
		{162B4AF2-AA5B-4DD5-A6E9-98B06CA64698}.Debug|Any CPU.Build.0 = Debug|Any CPU
		{162B4AF2-AA5B-4DD5-A6E9-98B06CA64698}.Release|Any CPU.ActiveCfg = Release|Any CPU
		{162B4AF2-AA5B-4DD5-A6E9-98B06CA64698}.Release|Any CPU.Build.0 = Release|Any CPU
	EndGlobalSection
	GlobalSection(SolutionProperties) = preSolution
		HideSolutionNode = FALSE
	EndGlobalSection
	GlobalSection(ExtensibilityGlobals) = postSolution
		SolutionGuid = {B1ECAD0B-DA79-4698-9D5D-E2FF0651847B}
	EndGlobalSection
EndGlobal
