
Microsoft Visual Studio Solution File, Format Version 12.00
# Visual Studio Version 16
VisualStudioVersion = 16.0.32901.82
MinimumVisualStudioVersion = 10.0.40219.1
Project("{FAE04EC0-301F-11D3-BF4B-00C04F79EFBC}") = "BookAPI", "BookAPI\BookAPI.csproj", "{FF16E860-0637-450A-B9DF-1C32A9E7D22B}"
EndProject
Global
	GlobalSection(SolutionConfigurationPlatforms) = preSolution
		Debug|Any CPU = Debug|Any CPU
		Release|Any CPU = Release|Any CPU
	EndGlobalSection
	GlobalSection(ProjectConfigurationPlatforms) = postSolution
		{FF16E860-0637-450A-B9DF-1C32A9E7D22B}.Debug|Any CPU.ActiveCfg = Debug|Any CPU
		{FF16E860-0637-450A-B9DF-1C32A9E7D22B}.Debug|Any CPU.Build.0 = Debug|Any CPU
		{FF16E860-0637-450A-B9DF-1C32A9E7D22B}.Release|Any CPU.ActiveCfg = Release|Any CPU
		{FF16E860-0637-450A-B9DF-1C32A9E7D22B}.Release|Any CPU.Build.0 = Release|Any CPU
	EndGlobalSection
	GlobalSection(SolutionProperties) = preSolution
		HideSolutionNode = FALSE
	EndGlobalSection
	GlobalSection(ExtensibilityGlobals) = postSolution
		SolutionGuid = {E745732E-E28E-4AE5-8D96-BDFD2AFEE610}
	EndGlobalSection
EndGlobal
