
Microsoft Visual Studio Solution File, Format Version 12.00
# Visual Studio Version 16
VisualStudioVersion = 16.0.32901.82
MinimumVisualStudioVersion = 10.0.40219.1
Project("{FAE04EC0-301F-11D3-BF4B-00C04F79EFBC}") = "WebApI", "WebApI\WebApI.csproj", "{47B5C49E-759E-4F48-904F-D1D271490FE9}"
EndProject
Global
	GlobalSection(SolutionConfigurationPlatforms) = preSolution
		Debug|Any CPU = Debug|Any CPU
		Release|Any CPU = Release|Any CPU
	EndGlobalSection
	GlobalSection(ProjectConfigurationPlatforms) = postSolution
		{47B5C49E-759E-4F48-904F-D1D271490FE9}.Debug|Any CPU.ActiveCfg = Debug|Any CPU
		{47B5C49E-759E-4F48-904F-D1D271490FE9}.Debug|Any CPU.Build.0 = Debug|Any CPU
		{47B5C49E-759E-4F48-904F-D1D271490FE9}.Release|Any CPU.ActiveCfg = Release|Any CPU
		{47B5C49E-759E-4F48-904F-D1D271490FE9}.Release|Any CPU.Build.0 = Release|Any CPU
	EndGlobalSection
	GlobalSection(SolutionProperties) = preSolution
		HideSolutionNode = FALSE
	EndGlobalSection
	GlobalSection(ExtensibilityGlobals) = postSolution
		SolutionGuid = {E757C6C9-FE23-4F63-ACA7-E8EE1D887177}
	EndGlobalSection
EndGlobal
